
Microsoft Visual Studio Solution File, Format Version 12.00
# Visual Studio 15
VisualStudioVersion = 15.0.27130.2020
MinimumVisualStudioVersion = 10.0.40219.1
Project("{FAE04EC0-301F-11D3-BF4B-00C04F79EFBC}") = "ChampionMains.Pyrobot", "ChampionMains.Pyrobot\ChampionMains.Pyrobot.csproj", "{602234B1-6BEB-4520-A26E-35EB0C5B635D}"
	ProjectSection(ProjectDependencies) = postProject
		{55C0978C-F23E-43E6-80B3-4FEC1993C5C9} = {55C0978C-F23E-43E6-80B3-4FEC1993C5C9}
	EndProjectSection
EndProject
Project("{FAE04EC0-301F-11D3-BF4B-00C04F79EFBC}") = "ChampionMains.Pyrobot.Data", "ChampionMains.Pyrobot.Data\ChampionMains.Pyrobot.Data.csproj", "{0684E3EC-DE9D-409B-8CCD-C3566763A2A7}"
EndProject
Project("{FAE04EC0-301F-11D3-BF4B-00C04F79EFBC}") = "ChampionMains.Pyrobot.Infrastructure", "ChampionMains.Pyrobot.Infrastructure\ChampionMains.Pyrobot.Infrastructure.csproj", "{9357D4E8-FC65-469E-9EBA-12B82BABD7E8}"
	ProjectSection(ProjectDependencies) = postProject
		{146A80AD-777F-42F4-9C2F-426B7FE40588} = {146A80AD-777F-42F4-9C2F-426B7FE40588}
	EndProjectSection
EndProject
Project("{2150E333-8FDC-42A3-9474-1A3956D46DE8}") = "Site", "Site", "{FE7174B2-207C-4895-B0FD-76F4B616C6E3}"
EndProject
Project("{2150E333-8FDC-42A3-9474-1A3956D46DE8}") = "Service", "Service", "{7F40DA89-D651-4A91-B2E2-D3B526276E11}"
EndProject
Project("{2150E333-8FDC-42A3-9474-1A3956D46DE8}") = "Data", "Data", "{39D62EAB-1E4A-4031-A349-BFA83A8C133B}"
EndProject
Project("{FAE04EC0-301F-11D3-BF4B-00C04F79EFBC}") = "ChampionMains.Pyrobot.WebJob", "ChampionMains.Pyrobot.WebJob\ChampionMains.Pyrobot.WebJob.csproj", "{F1A01025-246D-4F58-95C5-FA4024ECA5C4}"
	ProjectSection(ProjectDependencies) = postProject
		{55C0978C-F23E-43E6-80B3-4FEC1993C5C9} = {55C0978C-F23E-43E6-80B3-4FEC1993C5C9}
		{146A80AD-777F-42F4-9C2F-426B7FE40588} = {146A80AD-777F-42F4-9C2F-426B7FE40588}
	EndProjectSection
EndProject
Project("{FAE04EC0-301F-11D3-BF4B-00C04F79EFBC}") = "ChampionMains.Pyrobot.Startup", "ChampionMains.Pyrobot.Startup\ChampionMains.Pyrobot.Startup.csproj", "{55C0978C-F23E-43E6-80B3-4FEC1993C5C9}"
	ProjectSection(ProjectDependencies) = postProject
		{9357D4E8-FC65-469E-9EBA-12B82BABD7E8} = {9357D4E8-FC65-469E-9EBA-12B82BABD7E8}
	EndProjectSection
EndProject
Project("{FAE04EC0-301F-11D3-BF4B-00C04F79EFBC}") = "ChampionMains.Pyrobot.Test", "ChampionMains.Pyrobot.Test\ChampionMains.Pyrobot.Test.csproj", "{C500F964-BC56-4993-B16D-DAC6D8878EBE}"
EndProject
Project("{9A19103F-16F7-4668-BE54-9A1E7A4F7556}") = "Reddit.NET", "Reddit.NET\src\Reddit.NET\Reddit.NET.csproj", "{146A80AD-777F-42F4-9C2F-426B7FE40588}"
EndProject
Global
	GlobalSection(SolutionConfigurationPlatforms) = preSolution
		Debug|Any CPU = Debug|Any CPU
		Release|Any CPU = Release|Any CPU
	EndGlobalSection
	GlobalSection(ProjectConfigurationPlatforms) = postSolution
		{602234B1-6BEB-4520-A26E-35EB0C5B635D}.Debug|Any CPU.ActiveCfg = Debug|Any CPU
		{602234B1-6BEB-4520-A26E-35EB0C5B635D}.Debug|Any CPU.Build.0 = Debug|Any CPU
		{602234B1-6BEB-4520-A26E-35EB0C5B635D}.Release|Any CPU.ActiveCfg = Release|Any CPU
		{602234B1-6BEB-4520-A26E-35EB0C5B635D}.Release|Any CPU.Build.0 = Release|Any CPU
		{0684E3EC-DE9D-409B-8CCD-C3566763A2A7}.Debug|Any CPU.ActiveCfg = Debug|Any CPU
		{0684E3EC-DE9D-409B-8CCD-C3566763A2A7}.Debug|Any CPU.Build.0 = Debug|Any CPU
		{0684E3EC-DE9D-409B-8CCD-C3566763A2A7}.Release|Any CPU.ActiveCfg = Release|Any CPU
		{0684E3EC-DE9D-409B-8CCD-C3566763A2A7}.Release|Any CPU.Build.0 = Release|Any CPU
		{9357D4E8-FC65-469E-9EBA-12B82BABD7E8}.Debug|Any CPU.ActiveCfg = Debug|Any CPU
		{9357D4E8-FC65-469E-9EBA-12B82BABD7E8}.Debug|Any CPU.Build.0 = Debug|Any CPU
		{9357D4E8-FC65-469E-9EBA-12B82BABD7E8}.Release|Any CPU.ActiveCfg = Release|Any CPU
		{9357D4E8-FC65-469E-9EBA-12B82BABD7E8}.Release|Any CPU.Build.0 = Release|Any CPU
		{F1A01025-246D-4F58-95C5-FA4024ECA5C4}.Debug|Any CPU.ActiveCfg = Debug|Any CPU
		{F1A01025-246D-4F58-95C5-FA4024ECA5C4}.Debug|Any CPU.Build.0 = Debug|Any CPU
		{F1A01025-246D-4F58-95C5-FA4024ECA5C4}.Release|Any CPU.ActiveCfg = Release|Any CPU
		{F1A01025-246D-4F58-95C5-FA4024ECA5C4}.Release|Any CPU.Build.0 = Release|Any CPU
		{55C0978C-F23E-43E6-80B3-4FEC1993C5C9}.Debug|Any CPU.ActiveCfg = Debug|Any CPU
		{55C0978C-F23E-43E6-80B3-4FEC1993C5C9}.Debug|Any CPU.Build.0 = Debug|Any CPU
		{55C0978C-F23E-43E6-80B3-4FEC1993C5C9}.Release|Any CPU.ActiveCfg = Release|Any CPU
		{55C0978C-F23E-43E6-80B3-4FEC1993C5C9}.Release|Any CPU.Build.0 = Release|Any CPU
		{C500F964-BC56-4993-B16D-DAC6D8878EBE}.Debug|Any CPU.ActiveCfg = Debug|Any CPU
		{C500F964-BC56-4993-B16D-DAC6D8878EBE}.Debug|Any CPU.Build.0 = Debug|Any CPU
		{C500F964-BC56-4993-B16D-DAC6D8878EBE}.Release|Any CPU.ActiveCfg = Release|Any CPU
		{C500F964-BC56-4993-B16D-DAC6D8878EBE}.Release|Any CPU.Build.0 = Release|Any CPU
		{146A80AD-777F-42F4-9C2F-426B7FE40588}.Debug|Any CPU.ActiveCfg = Debug|Any CPU
		{146A80AD-777F-42F4-9C2F-426B7FE40588}.Debug|Any CPU.Build.0 = Debug|Any CPU
		{146A80AD-777F-42F4-9C2F-426B7FE40588}.Release|Any CPU.ActiveCfg = Release|Any CPU
		{146A80AD-777F-42F4-9C2F-426B7FE40588}.Release|Any CPU.Build.0 = Release|Any CPU
	EndGlobalSection
	GlobalSection(SolutionProperties) = preSolution
		HideSolutionNode = FALSE
	EndGlobalSection
	GlobalSection(NestedProjects) = preSolution
		{602234B1-6BEB-4520-A26E-35EB0C5B635D} = {FE7174B2-207C-4895-B0FD-76F4B616C6E3}
		{0684E3EC-DE9D-409B-8CCD-C3566763A2A7} = {39D62EAB-1E4A-4031-A349-BFA83A8C133B}
		{9357D4E8-FC65-469E-9EBA-12B82BABD7E8} = {7F40DA89-D651-4A91-B2E2-D3B526276E11}
		{F1A01025-246D-4F58-95C5-FA4024ECA5C4} = {7F40DA89-D651-4A91-B2E2-D3B526276E11}
		{55C0978C-F23E-43E6-80B3-4FEC1993C5C9} = {7F40DA89-D651-4A91-B2E2-D3B526276E11}
		{C500F964-BC56-4993-B16D-DAC6D8878EBE} = {7F40DA89-D651-4A91-B2E2-D3B526276E11}
	EndGlobalSection
	GlobalSection(ExtensibilityGlobals) = postSolution
		SolutionGuid = {A048EB48-0625-4252-A130-D53E7180AE2B}
	EndGlobalSection
EndGlobal
