{
  "name": "pyrobot-redesign",
  "version": "1.0.0",
  "lockfileVersion": 1,
  "requires": true,
  "dependencies": {
    "dialog-polyfill": {
      "version": "0.4.10",
      "resolved": "https://registry.npmjs.org/dialog-polyfill/-/dialog-polyfill-0.4.10.tgz",
      "integrity": "sha512-j5yGMkP8T00UFgyO+78OxiN5vC5dzRQF3BEio+LhNvDbyfxWBsi3sfPArDm54VloaJwy2hm3erEiDWqHRC8rzw=="
    },
    "fitty": {
      "version": "2.3.2",
      "resolved": "https://registry.npmjs.org/fitty/-/fitty-2.3.2.tgz",
      "integrity": "sha512-aC0d+N7ORRnKG9JIXunZVgLvJRWf2HES7F529CoGQJGLdxF1aHJPLUdaBDQIMDtLFcZhmY1CgtQgFEDWu9vK+w=="
    },
    "getmdl-select": {
      "version": "2.0.1",
      "resolved": "https://registry.npmjs.org/getmdl-select/-/getmdl-select-2.0.1.tgz",
      "integrity": "sha1-S9vXf9/T57LD+sUDoy0lsIcuEyE=",
      "requires": {
        "material-design-lite": "^1.1.3"
      }
    },
    "material-design-lite": {
      "version": "1.3.0",
      "resolved": "https://registry.npmjs.org/material-design-lite/-/material-design-lite-1.3.0.tgz",
      "integrity": "sha1-0ATOP+6Zoe63Sni4oyUTSl8RcdM="
    },
    "mdl-ext": {
      "version": "0.17.1",
      "resolved": "https://registry.npmjs.org/mdl-ext/-/mdl-ext-0.17.1.tgz",
      "integrity": "sha1-89iHLFUsLdkA9wdXAL1OFv9KWeM="
    },
    "mdn-polyfills": {
      "version": "5.20.0",
      "resolved": "https://registry.npmjs.org/mdn-polyfills/-/mdn-polyfills-5.20.0.tgz",
      "integrity": "sha512-AbTv1ytcoOUAkxw6u5oo2QPf27kEZgxBAQr49jFb4i2VnTnFGfJbcIQ9UDBOdfNECeXsgkYFwB2BkdeTfOzztw=="
    },
    "moment": {
      "version": "2.29.4",
      "resolved": "https://registry.npmjs.org/moment/-/moment-2.29.4.tgz",
      "integrity": "sha512-5LC9SOxjSc2HF6vO2CyuTDNivEdoz2IvyJJGj6X8DJ0eFyfszE0QiEd+iXmBvUP3WHxSjFH/vIsA0EN00cgr8w=="
    },
    "native-promise-only": {
      "version": "0.8.1",
      "resolved": "https://registry.npmjs.org/native-promise-only/-/native-promise-only-0.8.1.tgz",
      "integrity": "sha1-IKMYwwy0X3H+et+/eyHJnBRy7xE="
    },
    "numeral": {
      "version": "2.0.6",
      "resolved": "https://registry.npmjs.org/numeral/-/numeral-2.0.6.tgz",
      "integrity": "sha1-StCAk21EPCVhrtnyGX7//iX05QY="
    },
    "vue": {
      "version": "2.6.12",
      "resolved": "https://registry.npmjs.org/vue/-/vue-2.6.12.tgz",
      "integrity": "sha512-uhmLFETqPPNyuLLbsKz6ioJ4q7AZHzD8ZVFNATNyICSZouqP2Sz0rotWQC8UNBF6VGSCs5abnKJoStA6JbCbfg=="
    },
    "vue-moment": {
      "version": "4.1.0",
      "resolved": "https://registry.npmjs.org/vue-moment/-/vue-moment-4.1.0.tgz",
      "integrity": "sha512-Gzisqpg82ItlrUyiD9d0Kfru+JorW2o4mQOH06lEDZNgxci0tv/fua1Hl0bo4DozDV2JK1r52Atn/8QVCu8qQw==",
      "requires": {
        "moment": "^2.19.2"
      }
    },
    "vue-numeral-filter": {
      "version": "1.4.0",
      "resolved": "https://registry.npmjs.org/vue-numeral-filter/-/vue-numeral-filter-1.4.0.tgz",
      "integrity": "sha512-SSJaVGINcvU7zDa2gMSqxjKT/jK7JjOdg/+HMMXUlwdPGimmWU4GDBLEU7sLUNIa+d+NRoJT3j2KIFoErNEpHA==",
      "requires": {
        "numeral": "^2.0.6"
      }
    },
    "whatwg-fetch": {
      "version": "3.4.0",
      "resolved": "https://registry.npmjs.org/whatwg-fetch/-/whatwg-fetch-3.4.0.tgz",
      "integrity": "sha512-rsum2ulz2iuZH08mJkT0Yi6JnKhwdw4oeyMjokgxd+mmqYSd9cPpOQf01TIWgjxG/U4+QR+AwKq6lSbXVxkyoQ=="
    }
  }
}
